
Microsoft Visual Studio Solution File, Format Version 12.00
# Visual Studio Version 16
VisualStudioVersion = 16.0.30204.135
MinimumVisualStudioVersion = 10.0.40219.1
Project("{FAE04EC0-301F-11D3-BF4B-00C04F79EFBC}") = "HostWinControlInAspx", "HostWinControlInAspx\HostWinControlInAspx.csproj", "{81043D3C-8252-4979-B0CB-6A7CF53B5259}"
EndProject
Project("{FAE04EC0-301F-11D3-BF4B-00C04F79EFBC}") = "WebGUI", "WebGUI\WebGUI.csproj", "{27CB2210-8F89-4B23-B6FF-765A06963634}"
EndProject
Project("{FAE04EC0-301F-11D3-BF4B-00C04F79EFBC}") = "RadViewUC", "RadViewUC\RadViewUC.csproj", "{820C1A5F-D237-4821-BBD9-92E7845E1977}"
EndProject
Project("{FAE04EC0-301F-11D3-BF4B-00C04F79EFBC}") = "TestRadControlApp", "TestRadControlApp\TestRadControlApp.csproj", "{EC0EE426-374A-4797-B4B5-A7ACA5EA2FD2}"
EndProject
Global
	GlobalSection(SolutionConfigurationPlatforms) = preSolution
		Debug|Any CPU = Debug|Any CPU
		Release|Any CPU = Release|Any CPU
	EndGlobalSection
	GlobalSection(ProjectConfigurationPlatforms) = postSolution
		{81043D3C-8252-4979-B0CB-6A7CF53B5259}.Debug|Any CPU.ActiveCfg = Debug|Any CPU
		{81043D3C-8252-4979-B0CB-6A7CF53B5259}.Release|Any CPU.ActiveCfg = Release|Any CPU
		{81043D3C-8252-4979-B0CB-6A7CF53B5259}.Release|Any CPU.Build.0 = Release|Any CPU
		{27CB2210-8F89-4B23-B6FF-765A06963634}.Debug|Any CPU.ActiveCfg = Debug|Any CPU
		{27CB2210-8F89-4B23-B6FF-765A06963634}.Debug|Any CPU.Build.0 = Debug|Any CPU
		{27CB2210-8F89-4B23-B6FF-765A06963634}.Release|Any CPU.ActiveCfg = Release|Any CPU
		{27CB2210-8F89-4B23-B6FF-765A06963634}.Release|Any CPU.Build.0 = Release|Any CPU
		{820C1A5F-D237-4821-BBD9-92E7845E1977}.Debug|Any CPU.ActiveCfg = Debug|Any CPU
		{820C1A5F-D237-4821-BBD9-92E7845E1977}.Debug|Any CPU.Build.0 = Debug|Any CPU
		{820C1A5F-D237-4821-BBD9-92E7845E1977}.Release|Any CPU.ActiveCfg = Release|Any CPU
		{820C1A5F-D237-4821-BBD9-92E7845E1977}.Release|Any CPU.Build.0 = Release|Any CPU
		{EC0EE426-374A-4797-B4B5-A7ACA5EA2FD2}.Debug|Any CPU.ActiveCfg = Debug|Any CPU
		{EC0EE426-374A-4797-B4B5-A7ACA5EA2FD2}.Debug|Any CPU.Build.0 = Debug|Any CPU
		{EC0EE426-374A-4797-B4B5-A7ACA5EA2FD2}.Release|Any CPU.ActiveCfg = Release|Any CPU
		{EC0EE426-374A-4797-B4B5-A7ACA5EA2FD2}.Release|Any CPU.Build.0 = Release|Any CPU
	EndGlobalSection
	GlobalSection(SolutionProperties) = preSolution
		HideSolutionNode = FALSE
	EndGlobalSection
	GlobalSection(ExtensibilityGlobals) = postSolution
		SolutionGuid = {95E15824-C469-4EC5-99F3-BDC90892A7B8}
	EndGlobalSection
EndGlobal
